
Microsoft Visual Studio Solution File, Format Version 12.00
# Visual Studio Express 2012 for Web
Project("{FAE04EC0-301F-11D3-BF4B-00C04F79EFBC}") = "Torch.Core.Dependencies", "Torch.Core.Dependencies\Torch.Core.Dependencies.csproj", "{76D4D747-03DC-40D8-8823-F43FF3953588}"
EndProject
Project("{FAE04EC0-301F-11D3-BF4B-00C04F79EFBC}") = "Torch.UnitTests", "Torch.UnitTests\Torch.UnitTests.csproj", "{EB41C31B-101D-4F50-A132-93CFCF776AA2}"
EndProject
Project("{FAE04EC0-301F-11D3-BF4B-00C04F79EFBC}") = "Torch.Core", "Torch.Core\Torch.Core.csproj", "{2BF640D1-4E0A-4E14-930E-CBABDABFFC28}"
EndProject
Global
	GlobalSection(SolutionConfigurationPlatforms) = preSolution
		Debug|Any CPU = Debug|Any CPU
		Release|Any CPU = Release|Any CPU
	EndGlobalSection
	GlobalSection(ProjectConfigurationPlatforms) = postSolution
		{76D4D747-03DC-40D8-8823-F43FF3953588}.Debug|Any CPU.ActiveCfg = Debug|Any CPU
		{76D4D747-03DC-40D8-8823-F43FF3953588}.Debug|Any CPU.Build.0 = Debug|Any CPU
		{76D4D747-03DC-40D8-8823-F43FF3953588}.Release|Any CPU.ActiveCfg = Release|Any CPU
		{76D4D747-03DC-40D8-8823-F43FF3953588}.Release|Any CPU.Build.0 = Release|Any CPU
		{EB41C31B-101D-4F50-A132-93CFCF776AA2}.Debug|Any CPU.ActiveCfg = Debug|Any CPU
		{EB41C31B-101D-4F50-A132-93CFCF776AA2}.Debug|Any CPU.Build.0 = Debug|Any CPU
		{EB41C31B-101D-4F50-A132-93CFCF776AA2}.Release|Any CPU.ActiveCfg = Release|Any CPU
		{EB41C31B-101D-4F50-A132-93CFCF776AA2}.Release|Any CPU.Build.0 = Release|Any CPU
		{2BF640D1-4E0A-4E14-930E-CBABDABFFC28}.Debug|Any CPU.ActiveCfg = Debug|Any CPU
		{2BF640D1-4E0A-4E14-930E-CBABDABFFC28}.Debug|Any CPU.Build.0 = Debug|Any CPU
		{2BF640D1-4E0A-4E14-930E-CBABDABFFC28}.Release|Any CPU.ActiveCfg = Release|Any CPU
		{2BF640D1-4E0A-4E14-930E-CBABDABFFC28}.Release|Any CPU.Build.0 = Release|Any CPU
	EndGlobalSection
	GlobalSection(SolutionProperties) = preSolution
		HideSolutionNode = FALSE
	EndGlobalSection
EndGlobal
